
Microsoft Visual Studio Solution File, Format Version 11.00
# Visual Studio 2010
Project("{FAE04EC0-301F-11D3-BF4B-00C04F79EFBC}") = "CiAR", "Assembly-CSharp.csproj", "{09011ABE-BB1F-1A33-93DF-39CBD86172C4}"
EndProject
Project("{FAE04EC0-301F-11D3-BF4B-00C04F79EFBC}") = "CiAR", "Assembly-CSharp-Editor.csproj", "{C25A02AF-0DD6-4D64-A6E7-940F9045904C}"
EndProject
Global
	GlobalSection(SolutionConfigurationPlatforms) = preSolution
		Debug|Any CPU = Debug|Any CPU
		Release|Any CPU = Release|Any CPU
	EndGlobalSection
	GlobalSection(ProjectConfigurationPlatforms) = postSolution
		{09011ABE-BB1F-1A33-93DF-39CBD86172C4}.Debug|Any CPU.ActiveCfg = Debug|Any CPU
		{09011ABE-BB1F-1A33-93DF-39CBD86172C4}.Debug|Any CPU.Build.0 = Debug|Any CPU
		{09011ABE-BB1F-1A33-93DF-39CBD86172C4}.Release|Any CPU.ActiveCfg = Release|Any CPU
		{09011ABE-BB1F-1A33-93DF-39CBD86172C4}.Release|Any CPU.Build.0 = Release|Any CPU
		{C25A02AF-0DD6-4D64-A6E7-940F9045904C}.Debug|Any CPU.ActiveCfg = Debug|Any CPU
		{C25A02AF-0DD6-4D64-A6E7-940F9045904C}.Debug|Any CPU.Build.0 = Debug|Any CPU
		{C25A02AF-0DD6-4D64-A6E7-940F9045904C}.Release|Any CPU.ActiveCfg = Release|Any CPU
		{C25A02AF-0DD6-4D64-A6E7-940F9045904C}.Release|Any CPU.Build.0 = Release|Any CPU
	EndGlobalSection
	GlobalSection(SolutionProperties) = preSolution
		HideSolutionNode = FALSE
	EndGlobalSection
	GlobalSection(MonoDevelopProperties) = preSolution
		StartupItem = Assembly-CSharp.csproj
	EndGlobalSection
EndGlobal
